
Microsoft Visual Studio Solution File, Format Version 12.00
# Visual Studio Version 17
VisualStudioVersion = 17.1.32228.430
MinimumVisualStudioVersion = 10.0.40219.1
Project("{FAE04EC0-301F-11D3-BF4B-00C04F79EFBC}") = "I01", "I01\I01.csproj", "{FE39C89E-42E6-4869-915A-89A88D3FB3B8}"
EndProject
Global
	GlobalSection(SolutionConfigurationPlatforms) = preSolution
		Debug|Any CPU = Debug|Any CPU
		Release|Any CPU = Release|Any CPU
	EndGlobalSection
	GlobalSection(ProjectConfigurationPlatforms) = postSolution
		{FE39C89E-42E6-4869-915A-89A88D3FB3B8}.Debug|Any CPU.ActiveCfg = Debug|Any CPU
		{FE39C89E-42E6-4869-915A-89A88D3FB3B8}.Debug|Any CPU.Build.0 = Debug|Any CPU
		{FE39C89E-42E6-4869-915A-89A88D3FB3B8}.Release|Any CPU.ActiveCfg = Release|Any CPU
		{FE39C89E-42E6-4869-915A-89A88D3FB3B8}.Release|Any CPU.Build.0 = Release|Any CPU
	EndGlobalSection
	GlobalSection(SolutionProperties) = preSolution
		HideSolutionNode = FALSE
	EndGlobalSection
	GlobalSection(ExtensibilityGlobals) = postSolution
		SolutionGuid = {83B67F10-14B3-45CA-A7A8-A5ABA102BB92}
	EndGlobalSection
EndGlobal
