
Microsoft Visual Studio Solution File, Format Version 12.00
# Visual Studio Version 17
VisualStudioVersion = 17.1.32228.430
MinimumVisualStudioVersion = 10.0.40219.1
Project("{FAE04EC0-301F-11D3-BF4B-00C04F79EFBC}") = "PresentacionUno", "PresentacionUno\PresentacionUno.csproj", "{E36A7CCB-1732-439A-904E-9F0C9A19DD3E}"
EndProject
Global
	GlobalSection(SolutionConfigurationPlatforms) = preSolution
		Debug|Any CPU = Debug|Any CPU
		Release|Any CPU = Release|Any CPU
	EndGlobalSection
	GlobalSection(ProjectConfigurationPlatforms) = postSolution
		{E36A7CCB-1732-439A-904E-9F0C9A19DD3E}.Debug|Any CPU.ActiveCfg = Debug|Any CPU
		{E36A7CCB-1732-439A-904E-9F0C9A19DD3E}.Debug|Any CPU.Build.0 = Debug|Any CPU
		{E36A7CCB-1732-439A-904E-9F0C9A19DD3E}.Release|Any CPU.ActiveCfg = Release|Any CPU
		{E36A7CCB-1732-439A-904E-9F0C9A19DD3E}.Release|Any CPU.Build.0 = Release|Any CPU
	EndGlobalSection
	GlobalSection(SolutionProperties) = preSolution
		HideSolutionNode = FALSE
	EndGlobalSection
	GlobalSection(ExtensibilityGlobals) = postSolution
		SolutionGuid = {F10B02D8-FA0B-41FA-A326-0C2163EC315C}
	EndGlobalSection
EndGlobal
